
Microsoft Visual Studio Solution File, Format Version 12.00
# Visual Studio Version 16
VisualStudioVersion = 16.0.29009.5
MinimumVisualStudioVersion = 10.0.40219.1
Project("{9A19103F-16F7-4668-BE54-9A1E7A4F7556}") = "Oms.Tests", "XUnitTests\Oms.Tests.csproj", "{D0F8BEC9-ABFB-4DF9-8A35-E5184AF9B136}"
EndProject
Project("{2150E333-8FDC-42A3-9474-1A3956D46DE8}") = "Solution Items", "Solution Items", "{05174430-4C53-4462-9697-38CE032C03EA}"
	ProjectSection(SolutionItems) = preProject
		..\Gruntfile.js = ..\Gruntfile.js
		Local.testsettings = Local.testsettings
		nuget.config = nuget.config
		..\package.json = ..\package.json
	EndProjectSection
EndProject
Project("{9A19103F-16F7-4668-BE54-9A1E7A4F7556}") = "NCoreClientCore.NetStandard", "NCoreClientCore.NetStandard\NCoreClientCore.NetStandard.csproj", "{A70D9E78-A2AD-4473-B5FE-E42F9F25FC26}"
EndProject
Project("{9A19103F-16F7-4668-BE54-9A1E7A4F7556}") = "Selenium.Tests", "Selenium.Tests\Selenium.Tests.csproj", "{D86F9433-3310-4F5D-AF5F-F4956ED421E6}"
EndProject
Project("{9A19103F-16F7-4668-BE54-9A1E7A4F7556}") = "Selenium.Tests.Base", "Selenium.Tests.Base\Selenium.Tests.Base.csproj", "{D9E761FD-A27D-4E4E-B117-1913FD9FE5F3}"
EndProject
Global
	GlobalSection(SolutionConfigurationPlatforms) = preSolution
		Debug|Any CPU = Debug|Any CPU
		Release|Any CPU = Release|Any CPU
	EndGlobalSection
	GlobalSection(ProjectConfigurationPlatforms) = postSolution
		{D0F8BEC9-ABFB-4DF9-8A35-E5184AF9B136}.Debug|Any CPU.ActiveCfg = Debug|Any CPU
		{D0F8BEC9-ABFB-4DF9-8A35-E5184AF9B136}.Debug|Any CPU.Build.0 = Debug|Any CPU
		{D0F8BEC9-ABFB-4DF9-8A35-E5184AF9B136}.Release|Any CPU.ActiveCfg = Release|Any CPU
		{D0F8BEC9-ABFB-4DF9-8A35-E5184AF9B136}.Release|Any CPU.Build.0 = Release|Any CPU
		{A70D9E78-A2AD-4473-B5FE-E42F9F25FC26}.Debug|Any CPU.ActiveCfg = Debug|Any CPU
		{A70D9E78-A2AD-4473-B5FE-E42F9F25FC26}.Debug|Any CPU.Build.0 = Debug|Any CPU
		{A70D9E78-A2AD-4473-B5FE-E42F9F25FC26}.Release|Any CPU.ActiveCfg = Release|Any CPU
		{A70D9E78-A2AD-4473-B5FE-E42F9F25FC26}.Release|Any CPU.Build.0 = Release|Any CPU
		{D86F9433-3310-4F5D-AF5F-F4956ED421E6}.Debug|Any CPU.ActiveCfg = Debug|Any CPU
		{D86F9433-3310-4F5D-AF5F-F4956ED421E6}.Debug|Any CPU.Build.0 = Debug|Any CPU
		{D86F9433-3310-4F5D-AF5F-F4956ED421E6}.Release|Any CPU.ActiveCfg = Release|Any CPU
		{D86F9433-3310-4F5D-AF5F-F4956ED421E6}.Release|Any CPU.Build.0 = Release|Any CPU
		{D9E761FD-A27D-4E4E-B117-1913FD9FE5F3}.Debug|Any CPU.ActiveCfg = Debug|Any CPU
		{D9E761FD-A27D-4E4E-B117-1913FD9FE5F3}.Debug|Any CPU.Build.0 = Debug|Any CPU
		{D9E761FD-A27D-4E4E-B117-1913FD9FE5F3}.Release|Any CPU.ActiveCfg = Release|Any CPU
		{D9E761FD-A27D-4E4E-B117-1913FD9FE5F3}.Release|Any CPU.Build.0 = Release|Any CPU
	EndGlobalSection
	GlobalSection(SolutionProperties) = preSolution
		HideSolutionNode = FALSE
	EndGlobalSection
	GlobalSection(ExtensibilityGlobals) = postSolution
		SolutionGuid = {CDC64208-36D8-4541-8681-EA467E500B74}
	EndGlobalSection
EndGlobal
